
Microsoft Visual Studio Solution File, Format Version 12.00
# Visual Studio Version 17
VisualStudioVersion = 17.9.34728.123
MinimumVisualStudioVersion = 10.0.40219.1
Project("{FAE04EC0-301F-11D3-BF4B-00C04F79EFBC}") = "UIApp", "miPrimeraApp\UIApp.csproj", "{1FCC1CBE-AE95-4D27-ABE7-EA0AAC262143}"
EndProject
Project("{FAE04EC0-301F-11D3-BF4B-00C04F79EFBC}") = "bll", "bll\bll.csproj", "{9586BBC3-3F05-4E7A-9281-E29FC08640D6}"
EndProject
Project("{FAE04EC0-301F-11D3-BF4B-00C04F79EFBC}") = "dal", "dal\dal.csproj", "{94DBEBDA-9294-4F8D-B1BF-C7CF79F68C4F}"
EndProject
Project("{FAE04EC0-301F-11D3-BF4B-00C04F79EFBC}") = "UnitTestBaseDeDatos", "UnitTestBaseDeDatos\UnitTestBaseDeDatos.csproj", "{02AD3DF3-9FE7-428F-9867-E604AB1C85D4}"
EndProject
Global
	GlobalSection(SolutionConfigurationPlatforms) = preSolution
		Debug|Any CPU = Debug|Any CPU
		Release|Any CPU = Release|Any CPU
	EndGlobalSection
	GlobalSection(ProjectConfigurationPlatforms) = postSolution
		{1FCC1CBE-AE95-4D27-ABE7-EA0AAC262143}.Debug|Any CPU.ActiveCfg = Debug|Any CPU
		{1FCC1CBE-AE95-4D27-ABE7-EA0AAC262143}.Debug|Any CPU.Build.0 = Debug|Any CPU
		{1FCC1CBE-AE95-4D27-ABE7-EA0AAC262143}.Release|Any CPU.ActiveCfg = Release|Any CPU
		{1FCC1CBE-AE95-4D27-ABE7-EA0AAC262143}.Release|Any CPU.Build.0 = Release|Any CPU
		{9586BBC3-3F05-4E7A-9281-E29FC08640D6}.Debug|Any CPU.ActiveCfg = Debug|Any CPU
		{9586BBC3-3F05-4E7A-9281-E29FC08640D6}.Debug|Any CPU.Build.0 = Debug|Any CPU
		{9586BBC3-3F05-4E7A-9281-E29FC08640D6}.Release|Any CPU.ActiveCfg = Release|Any CPU
		{9586BBC3-3F05-4E7A-9281-E29FC08640D6}.Release|Any CPU.Build.0 = Release|Any CPU
		{94DBEBDA-9294-4F8D-B1BF-C7CF79F68C4F}.Debug|Any CPU.ActiveCfg = Debug|Any CPU
		{94DBEBDA-9294-4F8D-B1BF-C7CF79F68C4F}.Debug|Any CPU.Build.0 = Debug|Any CPU
		{94DBEBDA-9294-4F8D-B1BF-C7CF79F68C4F}.Release|Any CPU.ActiveCfg = Release|Any CPU
		{94DBEBDA-9294-4F8D-B1BF-C7CF79F68C4F}.Release|Any CPU.Build.0 = Release|Any CPU
		{02AD3DF3-9FE7-428F-9867-E604AB1C85D4}.Debug|Any CPU.ActiveCfg = Debug|Any CPU
		{02AD3DF3-9FE7-428F-9867-E604AB1C85D4}.Debug|Any CPU.Build.0 = Debug|Any CPU
		{02AD3DF3-9FE7-428F-9867-E604AB1C85D4}.Release|Any CPU.ActiveCfg = Release|Any CPU
		{02AD3DF3-9FE7-428F-9867-E604AB1C85D4}.Release|Any CPU.Build.0 = Release|Any CPU
	EndGlobalSection
	GlobalSection(SolutionProperties) = preSolution
		HideSolutionNode = FALSE
	EndGlobalSection
	GlobalSection(ExtensibilityGlobals) = postSolution
		SolutionGuid = {2EB576A4-9F03-4450-A24B-E2F2D6D815E7}
	EndGlobalSection
EndGlobal
